
Microsoft Visual Studio Solution File, Format Version 12.00
# Visual Studio Version 17
VisualStudioVersion = 17.8.34511.84
MinimumVisualStudioVersion = 10.0.40219.1
Project("{FAE04EC0-301F-11D3-BF4B-00C04F79EFBC}") = "ToysApp", "ToysApp.csproj", "{982B33D5-8E18-4371-B124-DB3AA9CD8DC5}"
EndProject
Global
	GlobalSection(SolutionConfigurationPlatforms) = preSolution
		Debug|Any CPU = Debug|Any CPU
		Release|Any CPU = Release|Any CPU
	EndGlobalSection
	GlobalSection(ProjectConfigurationPlatforms) = postSolution
		{982B33D5-8E18-4371-B124-DB3AA9CD8DC5}.Debug|Any CPU.ActiveCfg = Debug|Any CPU
		{982B33D5-8E18-4371-B124-DB3AA9CD8DC5}.Debug|Any CPU.Build.0 = Debug|Any CPU
		{982B33D5-8E18-4371-B124-DB3AA9CD8DC5}.Release|Any CPU.ActiveCfg = Release|Any CPU
		{982B33D5-8E18-4371-B124-DB3AA9CD8DC5}.Release|Any CPU.Build.0 = Release|Any CPU
	EndGlobalSection
	GlobalSection(SolutionProperties) = preSolution
		HideSolutionNode = FALSE
	EndGlobalSection
	GlobalSection(ExtensibilityGlobals) = postSolution
		SolutionGuid = {37846191-9BF9-485B-902D-198AB5B24CDD}
	EndGlobalSection
EndGlobal
